<?xml version="1.0" encoding="utf-8"?>
<Project ToolsVersion="4.0" xmlns="http://schemas.microsoft.com/developer/msbuild/2003">
  <ItemGroup>
    <Filter Include="Source Files">
      <UniqueIdentifier>{4FC737F1-C7A5-4376-A066-2A32D752A2FF}</UniqueIdentifier>
      <Extensions>cpp;c;cc;cxx;c++;cppm;ixx;def;odl;idl;hpj;bat;asm;asmx</Extensions>
    </Filter>
    <Filter Include="Header Files">
      <UniqueIdentifier>{93995380-89BD-4b04-88EB-625FBE52EBFB}</UniqueIdentifier>
      <Extensions>h;hh;hpp;hxx;h++;hm;inl;inc;ipp;xsd</Extensions>
    </Filter>
    <Filter Include="Precompiled">
      <UniqueIdentifier>{3e41f7ca-2d42-4aa6-a9c2-db2930a6d674}</UniqueIdentifier>
    </Filter>
    <Filter Include="Classes">
      <UniqueIdentifier>{80428dc4-714c-4e8b-96ee-e7d5bf25b2de}</UniqueIdentifier>
    </Filter>
  </ItemGroup>
  <ItemGroup>
    <ClCompile Include="Main.cpp">
      <Filter>Source Files</Filter>
    </ClCompile>
    <ClCompile Include="stdafx.cpp">
      <Filter>Precompiled</Filter>
    </ClCompile>
    <ClCompile Include="String.cpp">
      <Filter>Classes</Filter>
    </ClCompile>
    <ClCompile Include="ExceptionHandler.cpp">
      <Filter>Source Files</Filter>
    </ClCompile>
    <ClCompile Include="PropositionRequest.cpp">
      <Filter>Classes</Filter>
    </ClCompile>
  </ItemGroup>
  <ItemGroup>
    <ClInclude Include="stdafx.hpp">
      <Filter>Precompiled</Filter>
    </ClInclude>
    <ClInclude Include="String.hpp">
      <Filter>Classes</Filter>
    </ClInclude>
    <ClInclude Include="ExceptionCodes.hpp">
      <Filter>Header Files</Filter>
    </ClInclude>
    <ClInclude Include="SLinkedList.hpp">
      <Filter>Classes</Filter>
    </ClInclude>
    <ClInclude Include="Logic.hpp">
      <Filter>Header Files</Filter>
    </ClInclude>
    <ClInclude Include="PropositionRequest.hpp">
      <Filter>Classes</Filter>
    </ClInclude>
    <ClInclude Include="ValueAssignment.hpp">
      <Filter>Header Files</Filter>
    </ClInclude>
    <ClInclude Include="AvailableCommands.hpp">
      <Filter>Header Files</Filter>
    </ClInclude>
  </ItemGroup>
</Project>